// !$*UTF8*$!
{
	archiveVersion = 1;
	classes = {
	};
	objectVersion = 46;
	objects = {

/* Begin PBXBuildFile section */
		CF0316481DCE554000A66108 /* AppDelegate.swift in Sources */ = {isa = PBXBuildFile; fileRef = CF0316471DCE554000A66108 /* AppDelegate.swift */; };
		CF03164A1DCE554000A66108 /* ViewController.swift in Sources */ = {isa = PBXBuildFile; fileRef = CF0316491DCE554000A66108 /* ViewController.swift */; };
		CF03164D1DCE554000A66108 /* Main.storyboard in Resources */ = {isa = PBXBuildFile; fileRef = CF03164B1DCE554000A66108 /* Main.storyboard */; };
		CF03164F1DCE554000A66108 /* Assets.xcassets in Resources */ = {isa = PBXBuildFile; fileRef = CF03164E1DCE554000A66108 /* Assets.xcassets */; };
		CF0316521DCE554000A66108 /* LaunchScreen.storyboard in Resources */ = {isa = PBXBuildFile; fileRef = CF0316501DCE554000A66108 /* LaunchScreen.storyboard */; };
		CF03165D1DCE554000A66108 /* jarvisTests.swift in Sources */ = {isa = PBXBuildFile; fileRef = CF03165C1DCE554000A66108 /* jarvisTests.swift */; };
		CF0316681DCE554000A66108 /* jarvisUITests.swift in Sources */ = {isa = PBXBuildFile; fileRef = CF0316671DCE554000A66108 /* jarvisUITests.swift */; };
		CF03167B1DCE583800A66108 /* LoginViewController.swift in Sources */ = {isa = PBXBuildFile; fileRef = CF03167A1DCE583800A66108 /* LoginViewController.swift */; };
		CF645BA51DE1EC6C00338A54 /* CreateUserInteractor.swift in Sources */ = {isa = PBXBuildFile; fileRef = CF645BA41DE1EC6C00338A54 /* CreateUserInteractor.swift */; };
		CF645BA61DE1EC6C00338A54 /* CreateUserInteractor.swift in Sources */ = {isa = PBXBuildFile; fileRef = CF645BA41DE1EC6C00338A54 /* CreateUserInteractor.swift */; };
		CF645BA81DE1FCA700338A54 /* UserGateway.swift in Sources */ = {isa = PBXBuildFile; fileRef = CF645BA71DE1FCA700338A54 /* UserGateway.swift */; };
		CF645BA91DE1FCA700338A54 /* UserGateway.swift in Sources */ = {isa = PBXBuildFile; fileRef = CF645BA71DE1FCA700338A54 /* UserGateway.swift */; };
		CF75BF001DF2147C00961849 /* Alamofire.framework in Frameworks */ = {isa = PBXBuildFile; fileRef = CF0316761DCE577500A66108 /* Alamofire.framework */; };
		CF75BF011DF2147C00961849 /* BrightFutures.framework in Frameworks */ = {isa = PBXBuildFile; fileRef = CFEA3B241DF214120040C497 /* BrightFutures.framework */; };
		CF75BF021DF2147C00961849 /* OAuthSwift.framework in Frameworks */ = {isa = PBXBuildFile; fileRef = CF0316771DCE577500A66108 /* OAuthSwift.framework */; };
		CF75BF031DF2147C00961849 /* Realm.framework in Frameworks */ = {isa = PBXBuildFile; fileRef = CFEA3B261DF214120040C497 /* Realm.framework */; };
		CF75BF041DF2147C00961849 /* Result.framework in Frameworks */ = {isa = PBXBuildFile; fileRef = CFEA3B281DF214120040C497 /* Result.framework */; };
		CF75BF051DF2147C00961849 /* XCGLogger.framework in Frameworks */ = {isa = PBXBuildFile; fileRef = CFEA3B291DF214120040C497 /* XCGLogger.framework */; };
		CF75BF061DF21BC600961849 /* RealmSwift.framework in Frameworks */ = {isa = PBXBuildFile; fileRef = CFEA3B271DF214120040C497 /* RealmSwift.framework */; };
		CF75BF081DF21BCD00961849 /* RealmSwift.framework in Frameworks */ = {isa = PBXBuildFile; fileRef = CF75BF071DF21BCD00961849 /* RealmSwift.framework */; };
		CF75BF091DF21BCD00961849 /* RealmSwift.framework in Embed Frameworks */ = {isa = PBXBuildFile; fileRef = CF75BF071DF21BCD00961849 /* RealmSwift.framework */; settings = {ATTRIBUTES = (CodeSignOnCopy, RemoveHeadersOnCopy, ); }; };
		CF7887A31E0705E400A451E2 /* IntegrationsGateway.swift in Sources */ = {isa = PBXBuildFile; fileRef = CF7887A21E0705E400A451E2 /* IntegrationsGateway.swift */; };
		CF7887A51E07072C00A451E2 /* Integration.swift in Sources */ = {isa = PBXBuildFile; fileRef = CF7887A41E07072C00A451E2 /* Integration.swift */; };
		CF7887A81E070E7500A451E2 /* GetIntegrationsInteractor.swift in Sources */ = {isa = PBXBuildFile; fileRef = CF7887A71E070E7500A451E2 /* GetIntegrationsInteractor.swift */; };
		CF7887A91E070E7500A451E2 /* GetIntegrationsInteractor.swift in Sources */ = {isa = PBXBuildFile; fileRef = CF7887A71E070E7500A451E2 /* GetIntegrationsInteractor.swift */; };
		CF7A90251DFF796200B9FAB1 /* SettingsViewController.swift in Sources */ = {isa = PBXBuildFile; fileRef = CF7A90241DFF796200B9FAB1 /* SettingsViewController.swift */; };
		CF7A90271DFF79A500B9FAB1 /* IntegrationCell.swift in Sources */ = {isa = PBXBuildFile; fileRef = CF7A90261DFF79A500B9FAB1 /* IntegrationCell.swift */; };
		CF81DFCD1E181EF300F87A59 /* ActivateIntegrationInteractorBase.swift in Sources */ = {isa = PBXBuildFile; fileRef = CF81DFCC1E181EF300F87A59 /* ActivateIntegrationInteractorBase.swift */; };
		CF81DFCE1E181EF300F87A59 /* ActivateIntegrationInteractorBase.swift in Sources */ = {isa = PBXBuildFile; fileRef = CF81DFCC1E181EF300F87A59 /* ActivateIntegrationInteractorBase.swift */; };
		CFDA166D1DE9D41E00F0B733 /* User.swift in Sources */ = {isa = PBXBuildFile; fileRef = CFDA166C1DE9D41E00F0B733 /* User.swift */; };
		CFDA166E1DE9D41E00F0B733 /* User.swift in Sources */ = {isa = PBXBuildFile; fileRef = CFDA166C1DE9D41E00F0B733 /* User.swift */; };
		CFDA16761DE9DBDE00F0B733 /* SaveUserInteractor.swift in Sources */ = {isa = PBXBuildFile; fileRef = CFDA16751DE9DBDE00F0B733 /* SaveUserInteractor.swift */; };
		CFDA16771DE9DBDE00F0B733 /* SaveUserInteractor.swift in Sources */ = {isa = PBXBuildFile; fileRef = CFDA16751DE9DBDE00F0B733 /* SaveUserInteractor.swift */; };
		CFE819F31E212B8E000C71F7 /* ActivateFitbitInteractor.swift in Sources */ = {isa = PBXBuildFile; fileRef = CFE819EE1E212B8E000C71F7 /* ActivateFitbitInteractor.swift */; };
		CFE819F41E212B8E000C71F7 /* ActivateFitbitInteractor.swift in Sources */ = {isa = PBXBuildFile; fileRef = CFE819EE1E212B8E000C71F7 /* ActivateFitbitInteractor.swift */; };
		CFE819F51E212B8E000C71F7 /* ActivateInstagramInteractor.swift in Sources */ = {isa = PBXBuildFile; fileRef = CFE819F11E212B8E000C71F7 /* ActivateInstagramInteractor.swift */; };
		CFE819F61E212B8E000C71F7 /* ActivateInstagramInteractor.swift in Sources */ = {isa = PBXBuildFile; fileRef = CFE819F11E212B8E000C71F7 /* ActivateInstagramInteractor.swift */; };
		CFE819F71E212B8E000C71F7 /* ActivateSpotifyInteractor.swift in Sources */ = {isa = PBXBuildFile; fileRef = CFE819F21E212B8E000C71F7 /* ActivateSpotifyInteractor.swift */; };
		CFE819F81E212B8E000C71F7 /* ActivateSpotifyInteractor.swift in Sources */ = {isa = PBXBuildFile; fileRef = CFE819F21E212B8E000C71F7 /* ActivateSpotifyInteractor.swift */; };
		CFE819FA1E212BD2000C71F7 /* ActivateFacebookInteractor.swift in Sources */ = {isa = PBXBuildFile; fileRef = CFE819F91E212BD2000C71F7 /* ActivateFacebookInteractor.swift */; };
		CFE819FB1E212BD2000C71F7 /* ActivateFacebookInteractor.swift in Sources */ = {isa = PBXBuildFile; fileRef = CFE819F91E212BD2000C71F7 /* ActivateFacebookInteractor.swift */; };
		CFEA3AD31DE9E3370040C497 /* HomeViewController.swift in Sources */ = {isa = PBXBuildFile; fileRef = CFEA3AD21DE9E3370040C497 /* HomeViewController.swift */; };
		CFEA3AD41DE9E3370040C497 /* HomeViewController.swift in Sources */ = {isa = PBXBuildFile; fileRef = CFEA3AD21DE9E3370040C497 /* HomeViewController.swift */; };
		CFEA3AD61DEA637C0040C497 /* UserInternalGateway.swift in Sources */ = {isa = PBXBuildFile; fileRef = CFEA3AD51DEA637C0040C497 /* UserInternalGateway.swift */; };
		CFEA3AD71DEA637C0040C497 /* UserInternalGateway.swift in Sources */ = {isa = PBXBuildFile; fileRef = CFEA3AD51DEA637C0040C497 /* UserInternalGateway.swift */; };
		CFEA3AD91DEB799F0040C497 /* FindUserInteractor.swift in Sources */ = {isa = PBXBuildFile; fileRef = CFEA3AD81DEB799F0040C497 /* FindUserInteractor.swift */; };
		CFEA3ADA1DEB799F0040C497 /* FindUserInteractor.swift in Sources */ = {isa = PBXBuildFile; fileRef = CFEA3AD81DEB799F0040C497 /* FindUserInteractor.swift */; };
		CFEA3ADC1DEB98BA0040C497 /* SleepViewController.swift in Sources */ = {isa = PBXBuildFile; fileRef = CFEA3ADB1DEB98BA0040C497 /* SleepViewController.swift */; };
		CFEA3ADD1DEB98BA0040C497 /* SleepViewController.swift in Sources */ = {isa = PBXBuildFile; fileRef = CFEA3ADB1DEB98BA0040C497 /* SleepViewController.swift */; };
		CFEA3ADF1DEB99830040C497 /* FoodViewController.swift in Sources */ = {isa = PBXBuildFile; fileRef = CFEA3ADE1DEB99830040C497 /* FoodViewController.swift */; };
		CFEA3AE01DEB99830040C497 /* FoodViewController.swift in Sources */ = {isa = PBXBuildFile; fileRef = CFEA3ADE1DEB99830040C497 /* FoodViewController.swift */; };
		CFEA3AE21DEB99900040C497 /* WalkingViewController.swift in Sources */ = {isa = PBXBuildFile; fileRef = CFEA3AE11DEB99900040C497 /* WalkingViewController.swift */; };
		CFEA3AE31DEB99900040C497 /* WalkingViewController.swift in Sources */ = {isa = PBXBuildFile; fileRef = CFEA3AE11DEB99900040C497 /* WalkingViewController.swift */; };
		CFEA3B2A1DF214120040C497 /* Alamofire.framework in Embed Frameworks */ = {isa = PBXBuildFile; fileRef = CFEA3B231DF214120040C497 /* Alamofire.framework */; settings = {ATTRIBUTES = (CodeSignOnCopy, RemoveHeadersOnCopy, ); }; };
		CFEA3B2B1DF214120040C497 /* BrightFutures.framework in Embed Frameworks */ = {isa = PBXBuildFile; fileRef = CFEA3B241DF214120040C497 /* BrightFutures.framework */; settings = {ATTRIBUTES = (CodeSignOnCopy, RemoveHeadersOnCopy, ); }; };
		CFEA3B2C1DF214120040C497 /* OAuthSwift.framework in Embed Frameworks */ = {isa = PBXBuildFile; fileRef = CFEA3B251DF214120040C497 /* OAuthSwift.framework */; settings = {ATTRIBUTES = (CodeSignOnCopy, RemoveHeadersOnCopy, ); }; };
		CFEA3B2D1DF214120040C497 /* Realm.framework in Embed Frameworks */ = {isa = PBXBuildFile; fileRef = CFEA3B261DF214120040C497 /* Realm.framework */; settings = {ATTRIBUTES = (CodeSignOnCopy, RemoveHeadersOnCopy, ); }; };
		CFEA3B2F1DF214120040C497 /* Result.framework in Embed Frameworks */ = {isa = PBXBuildFile; fileRef = CFEA3B281DF214120040C497 /* Result.framework */; settings = {ATTRIBUTES = (CodeSignOnCopy, RemoveHeadersOnCopy, ); }; };
		CFEA3B301DF214120040C497 /* XCGLogger.framework in Embed Frameworks */ = {isa = PBXBuildFile; fileRef = CFEA3B291DF214120040C497 /* XCGLogger.framework */; settings = {ATTRIBUTES = (CodeSignOnCopy, RemoveHeadersOnCopy, ); }; };
/* End PBXBuildFile section */

/* Begin PBXContainerItemProxy section */
		CF0316591DCE554000A66108 /* PBXContainerItemProxy */ = {
			isa = PBXContainerItemProxy;
			containerPortal = CF03163C1DCE553F00A66108 /* Project object */;
			proxyType = 1;
			remoteGlobalIDString = CF0316431DCE553F00A66108;
			remoteInfo = jarvis;
		};
		CF0316641DCE554000A66108 /* PBXContainerItemProxy */ = {
			isa = PBXContainerItemProxy;
			containerPortal = CF03163C1DCE553F00A66108 /* Project object */;
			proxyType = 1;
			remoteGlobalIDString = CF0316431DCE553F00A66108;
			remoteInfo = jarvis;
		};
/* End PBXContainerItemProxy section */

/* Begin PBXCopyFilesBuildPhase section */
		CF0316971DCE61C200A66108 /* Embed Frameworks */ = {
			isa = PBXCopyFilesBuildPhase;
			buildActionMask = 2147483647;
			dstPath = "";
			dstSubfolderSpec = 10;
			files = (
				CFEA3B2A1DF214120040C497 /* Alamofire.framework in Embed Frameworks */,
				CFEA3B2B1DF214120040C497 /* BrightFutures.framework in Embed Frameworks */,
				CF75BF091DF21BCD00961849 /* RealmSwift.framework in Embed Frameworks */,
				CFEA3B2C1DF214120040C497 /* OAuthSwift.framework in Embed Frameworks */,
				CFEA3B2D1DF214120040C497 /* Realm.framework in Embed Frameworks */,
				CFEA3B2F1DF214120040C497 /* Result.framework in Embed Frameworks */,
				CFEA3B301DF214120040C497 /* XCGLogger.framework in Embed Frameworks */,
			);
			name = "Embed Frameworks";
			runOnlyForDeploymentPostprocessing = 0;
		};
/* End PBXCopyFilesBuildPhase section */

/* Begin PBXFileReference section */
		CF0316441DCE553F00A66108 /* jarvis.app */ = {isa = PBXFileReference; explicitFileType = wrapper.application; includeInIndex = 0; path = jarvis.app; sourceTree = BUILT_PRODUCTS_DIR; };
		CF0316471DCE554000A66108 /* AppDelegate.swift */ = {isa = PBXFileReference; lastKnownFileType = sourcecode.swift; path = AppDelegate.swift; sourceTree = "<group>"; };
		CF0316491DCE554000A66108 /* ViewController.swift */ = {isa = PBXFileReference; lastKnownFileType = sourcecode.swift; path = ViewController.swift; sourceTree = "<group>"; };
		CF03164C1DCE554000A66108 /* Base */ = {isa = PBXFileReference; lastKnownFileType = file.storyboard; name = Base; path = Base.lproj/Main.storyboard; sourceTree = "<group>"; };
		CF03164E1DCE554000A66108 /* Assets.xcassets */ = {isa = PBXFileReference; lastKnownFileType = folder.assetcatalog; path = Assets.xcassets; sourceTree = "<group>"; };
		CF0316511DCE554000A66108 /* Base */ = {isa = PBXFileReference; lastKnownFileType = file.storyboard; name = Base; path = Base.lproj/LaunchScreen.storyboard; sourceTree = "<group>"; };
		CF0316531DCE554000A66108 /* Info.plist */ = {isa = PBXFileReference; lastKnownFileType = text.plist.xml; path = Info.plist; sourceTree = "<group>"; };
		CF0316581DCE554000A66108 /* jarvisTests.xctest */ = {isa = PBXFileReference; explicitFileType = wrapper.cfbundle; includeInIndex = 0; path = jarvisTests.xctest; sourceTree = BUILT_PRODUCTS_DIR; };
		CF03165C1DCE554000A66108 /* jarvisTests.swift */ = {isa = PBXFileReference; lastKnownFileType = sourcecode.swift; path = jarvisTests.swift; sourceTree = "<group>"; };
		CF03165E1DCE554000A66108 /* Info.plist */ = {isa = PBXFileReference; lastKnownFileType = text.plist.xml; path = Info.plist; sourceTree = "<group>"; };
		CF0316631DCE554000A66108 /* jarvisUITests.xctest */ = {isa = PBXFileReference; explicitFileType = wrapper.cfbundle; includeInIndex = 0; path = jarvisUITests.xctest; sourceTree = BUILT_PRODUCTS_DIR; };
		CF0316671DCE554000A66108 /* jarvisUITests.swift */ = {isa = PBXFileReference; lastKnownFileType = sourcecode.swift; path = jarvisUITests.swift; sourceTree = "<group>"; };
		CF0316691DCE554000A66108 /* Info.plist */ = {isa = PBXFileReference; lastKnownFileType = text.plist.xml; path = Info.plist; sourceTree = "<group>"; };
		CF0316761DCE577500A66108 /* Alamofire.framework */ = {isa = PBXFileReference; lastKnownFileType = wrapper.framework; name = Alamofire.framework; path = Carthage/Build/iOS/Alamofire.framework; sourceTree = "<group>"; };
		CF0316771DCE577500A66108 /* OAuthSwift.framework */ = {isa = PBXFileReference; lastKnownFileType = wrapper.framework; name = OAuthSwift.framework; path = Carthage/Build/iOS/OAuthSwift.framework; sourceTree = "<group>"; };
		CF03167A1DCE583800A66108 /* LoginViewController.swift */ = {isa = PBXFileReference; fileEncoding = 4; lastKnownFileType = sourcecode.swift; name = LoginViewController.swift; path = ../../LoginViewController.swift; sourceTree = "<group>"; };
		CF0316891DCE609500A66108 /* Alamofire.framework.dSYM */ = {isa = PBXFileReference; lastKnownFileType = wrapper.dsym; name = Alamofire.framework.dSYM; path = Carthage/Build/iOS/Alamofire.framework.dSYM; sourceTree = "<group>"; };
		CF03168A1DCE609500A66108 /* OAuthSwift.framework.dSYM */ = {isa = PBXFileReference; lastKnownFileType = wrapper.dsym; name = OAuthSwift.framework.dSYM; path = Carthage/Build/iOS/OAuthSwift.framework.dSYM; sourceTree = "<group>"; };
		CF645BA41DE1EC6C00338A54 /* CreateUserInteractor.swift */ = {isa = PBXFileReference; fileEncoding = 4; lastKnownFileType = sourcecode.swift; path = CreateUserInteractor.swift; sourceTree = "<group>"; };
		CF645BA71DE1FCA700338A54 /* UserGateway.swift */ = {isa = PBXFileReference; fileEncoding = 4; lastKnownFileType = sourcecode.swift; path = UserGateway.swift; sourceTree = "<group>"; };
		CF75BF071DF21BCD00961849 /* RealmSwift.framework */ = {isa = PBXFileReference; lastKnownFileType = wrapper.framework; name = RealmSwift.framework; path = Carthage/Build/iOS/RealmSwift.framework; sourceTree = "<group>"; };
		CF7887A21E0705E400A451E2 /* IntegrationsGateway.swift */ = {isa = PBXFileReference; fileEncoding = 4; lastKnownFileType = sourcecode.swift; path = IntegrationsGateway.swift; sourceTree = "<group>"; };
		CF7887A41E07072C00A451E2 /* Integration.swift */ = {isa = PBXFileReference; fileEncoding = 4; lastKnownFileType = sourcecode.swift; path = Integration.swift; sourceTree = "<group>"; };
		CF7887A71E070E7500A451E2 /* GetIntegrationsInteractor.swift */ = {isa = PBXFileReference; fileEncoding = 4; lastKnownFileType = sourcecode.swift; path = GetIntegrationsInteractor.swift; sourceTree = "<group>"; };
		CF7A90241DFF796200B9FAB1 /* SettingsViewController.swift */ = {isa = PBXFileReference; fileEncoding = 4; lastKnownFileType = sourcecode.swift; path = SettingsViewController.swift; sourceTree = "<group>"; };
		CF7A90261DFF79A500B9FAB1 /* IntegrationCell.swift */ = {isa = PBXFileReference; fileEncoding = 4; lastKnownFileType = sourcecode.swift; path = IntegrationCell.swift; sourceTree = "<group>"; };
		CF81DFCC1E181EF300F87A59 /* ActivateIntegrationInteractorBase.swift */ = {isa = PBXFileReference; fileEncoding = 4; lastKnownFileType = sourcecode.swift; path = ActivateIntegrationInteractorBase.swift; sourceTree = "<group>"; };
		CFDA166C1DE9D41E00F0B733 /* User.swift */ = {isa = PBXFileReference; fileEncoding = 4; lastKnownFileType = sourcecode.swift; path = User.swift; sourceTree = "<group>"; };
		CFDA16751DE9DBDE00F0B733 /* SaveUserInteractor.swift */ = {isa = PBXFileReference; fileEncoding = 4; lastKnownFileType = sourcecode.swift; path = SaveUserInteractor.swift; sourceTree = "<group>"; };
		CFE819EE1E212B8E000C71F7 /* ActivateFitbitInteractor.swift */ = {isa = PBXFileReference; fileEncoding = 4; lastKnownFileType = sourcecode.swift; path = ActivateFitbitInteractor.swift; sourceTree = "<group>"; };
		CFE819F11E212B8E000C71F7 /* ActivateInstagramInteractor.swift */ = {isa = PBXFileReference; fileEncoding = 4; lastKnownFileType = sourcecode.swift; path = ActivateInstagramInteractor.swift; sourceTree = "<group>"; };
		CFE819F21E212B8E000C71F7 /* ActivateSpotifyInteractor.swift */ = {isa = PBXFileReference; fileEncoding = 4; lastKnownFileType = sourcecode.swift; name = ActivateSpotifyInteractor.swift; path = ../Social/ActivateSpotifyInteractor.swift; sourceTree = "<group>"; };
		CFE819F91E212BD2000C71F7 /* ActivateFacebookInteractor.swift */ = {isa = PBXFileReference; fileEncoding = 4; lastKnownFileType = sourcecode.swift; path = ActivateFacebookInteractor.swift; sourceTree = "<group>"; };
		CFE819FC1E227E1D000C71F7 /* FacebookCore.framework */ = {isa = PBXFileReference; lastKnownFileType = wrapper.framework; name = FacebookCore.framework; path = Carthage/Build/iOS/FacebookCore.framework; sourceTree = "<group>"; };
		CFE819FD1E227E1D000C71F7 /* FacebookLogin.framework */ = {isa = PBXFileReference; lastKnownFileType = wrapper.framework; name = FacebookLogin.framework; path = Carthage/Build/iOS/FacebookLogin.framework; sourceTree = "<group>"; };
		CFE819FE1E227E1D000C71F7 /* FBSDKCoreKit.framework */ = {isa = PBXFileReference; lastKnownFileType = wrapper.framework; name = FBSDKCoreKit.framework; path = Carthage/Build/iOS/FBSDKCoreKit.framework; sourceTree = "<group>"; };
		CFE819FF1E227E1D000C71F7 /* FBSDKLoginKit.framework */ = {isa = PBXFileReference; lastKnownFileType = wrapper.framework; name = FBSDKLoginKit.framework; path = Carthage/Build/iOS/FBSDKLoginKit.framework; sourceTree = "<group>"; };
		CFEA3AD21DE9E3370040C497 /* HomeViewController.swift */ = {isa = PBXFileReference; fileEncoding = 4; lastKnownFileType = sourcecode.swift; path = HomeViewController.swift; sourceTree = "<group>"; };
		CFEA3AD51DEA637C0040C497 /* UserInternalGateway.swift */ = {isa = PBXFileReference; fileEncoding = 4; lastKnownFileType = sourcecode.swift; path = UserInternalGateway.swift; sourceTree = "<group>"; };
		CFEA3AD81DEB799F0040C497 /* FindUserInteractor.swift */ = {isa = PBXFileReference; fileEncoding = 4; lastKnownFileType = sourcecode.swift; path = FindUserInteractor.swift; sourceTree = "<group>"; };
		CFEA3ADB1DEB98BA0040C497 /* SleepViewController.swift */ = {isa = PBXFileReference; fileEncoding = 4; lastKnownFileType = sourcecode.swift; path = SleepViewController.swift; sourceTree = "<group>"; };
		CFEA3ADE1DEB99830040C497 /* FoodViewController.swift */ = {isa = PBXFileReference; fileEncoding = 4; lastKnownFileType = sourcecode.swift; path = FoodViewController.swift; sourceTree = "<group>"; };
		CFEA3AE11DEB99900040C497 /* WalkingViewController.swift */ = {isa = PBXFileReference; fileEncoding = 4; lastKnownFileType = sourcecode.swift; path = WalkingViewController.swift; sourceTree = "<group>"; };
		CFEA3B231DF214120040C497 /* Alamofire.framework */ = {isa = PBXFileReference; lastKnownFileType = wrapper.framework; name = Alamofire.framework; path = Carthage/Build/iOS/Alamofire.framework; sourceTree = "<group>"; };
		CFEA3B241DF214120040C497 /* BrightFutures.framework */ = {isa = PBXFileReference; lastKnownFileType = wrapper.framework; name = BrightFutures.framework; path = Carthage/Build/iOS/BrightFutures.framework; sourceTree = "<group>"; };
		CFEA3B251DF214120040C497 /* OAuthSwift.framework */ = {isa = PBXFileReference; lastKnownFileType = wrapper.framework; name = OAuthSwift.framework; path = Carthage/Build/iOS/OAuthSwift.framework; sourceTree = "<group>"; };
		CFEA3B261DF214120040C497 /* Realm.framework */ = {isa = PBXFileReference; lastKnownFileType = wrapper.framework; name = Realm.framework; path = Carthage/Build/iOS/Realm.framework; sourceTree = "<group>"; };
		CFEA3B271DF214120040C497 /* RealmSwift.framework */ = {isa = PBXFileReference; lastKnownFileType = wrapper.framework; name = RealmSwift.framework; path = Carthage/Build/iOS/RealmSwift.framework; sourceTree = "<group>"; };
		CFEA3B281DF214120040C497 /* Result.framework */ = {isa = PBXFileReference; lastKnownFileType = wrapper.framework; name = Result.framework; path = Carthage/Build/iOS/Result.framework; sourceTree = "<group>"; };
		CFEA3B291DF214120040C497 /* XCGLogger.framework */ = {isa = PBXFileReference; lastKnownFileType = wrapper.framework; name = XCGLogger.framework; path = Carthage/Build/iOS/XCGLogger.framework; sourceTree = "<group>"; };
/* End PBXFileReference section */

/* Begin PBXFrameworksBuildPhase section */
		CF0316411DCE553F00A66108 /* Frameworks */ = {
			isa = PBXFrameworksBuildPhase;
			buildActionMask = 2147483647;
			files = (
				CF75BF001DF2147C00961849 /* Alamofire.framework in Frameworks */,
				CF75BF011DF2147C00961849 /* BrightFutures.framework in Frameworks */,
				CF75BF021DF2147C00961849 /* OAuthSwift.framework in Frameworks */,
				CF75BF061DF21BC600961849 /* RealmSwift.framework in Frameworks */,
				CF75BF031DF2147C00961849 /* Realm.framework in Frameworks */,
				CF75BF041DF2147C00961849 /* Result.framework in Frameworks */,
				CF75BF081DF21BCD00961849 /* RealmSwift.framework in Frameworks */,
				CF75BF051DF2147C00961849 /* XCGLogger.framework in Frameworks */,
			);
			runOnlyForDeploymentPostprocessing = 0;
		};
		CF0316551DCE554000A66108 /* Frameworks */ = {
			isa = PBXFrameworksBuildPhase;
			buildActionMask = 2147483647;
			files = (
			);
			runOnlyForDeploymentPostprocessing = 0;
		};
		CF0316601DCE554000A66108 /* Frameworks */ = {
			isa = PBXFrameworksBuildPhase;
			buildActionMask = 2147483647;
			files = (
			);
			runOnlyForDeploymentPostprocessing = 0;
		};
/* End PBXFrameworksBuildPhase section */

/* Begin PBXGroup section */
		CF03163B1DCE553F00A66108 = {
			isa = PBXGroup;
			children = (
				CF75BF071DF21BCD00961849 /* RealmSwift.framework */,
				CFEA3B231DF214120040C497 /* Alamofire.framework */,
				CFEA3B241DF214120040C497 /* BrightFutures.framework */,
				CFEA3B251DF214120040C497 /* OAuthSwift.framework */,
				CFEA3B261DF214120040C497 /* Realm.framework */,
				CFEA3B271DF214120040C497 /* RealmSwift.framework */,
				CFEA3B281DF214120040C497 /* Result.framework */,
				CFEA3B291DF214120040C497 /* XCGLogger.framework */,
				CF0316461DCE553F00A66108 /* jarvis */,
				CF03165B1DCE554000A66108 /* jarvisTests */,
				CF0316661DCE554000A66108 /* jarvisUITests */,
				CF0316451DCE553F00A66108 /* Products */,
				CF0316751DCE577000A66108 /* Frameworks */,
			);
			sourceTree = "<group>";
		};
		CF0316451DCE553F00A66108 /* Products */ = {
			isa = PBXGroup;
			children = (
				CF0316441DCE553F00A66108 /* jarvis.app */,
				CF0316581DCE554000A66108 /* jarvisTests.xctest */,
				CF0316631DCE554000A66108 /* jarvisUITests.xctest */,
			);
			name = Products;
			sourceTree = "<group>";
		};
		CF0316461DCE553F00A66108 /* jarvis */ = {
			isa = PBXGroup;
			children = (
				CF645BA01DE11BD200338A54 /* Gateways */,
				CF645BA11DE11BD200338A54 /* Interactors */,
				CF645BA21DE11BD200338A54 /* Presenters */,
				CF645B981DD9216300338A54 /* Models */,
				CF645B991DD9216300338A54 /* Scenes */,
				CF0316471DCE554000A66108 /* AppDelegate.swift */,
				CF0316491DCE554000A66108 /* ViewController.swift */,
				CF03164B1DCE554000A66108 /* Main.storyboard */,
				CF03164E1DCE554000A66108 /* Assets.xcassets */,
				CF0316501DCE554000A66108 /* LaunchScreen.storyboard */,
				CF0316531DCE554000A66108 /* Info.plist */,
			);
			path = jarvis;
			sourceTree = "<group>";
		};
		CF03165B1DCE554000A66108 /* jarvisTests */ = {
			isa = PBXGroup;
			children = (
				CF03165C1DCE554000A66108 /* jarvisTests.swift */,
				CF03165E1DCE554000A66108 /* Info.plist */,
			);
			path = jarvisTests;
			sourceTree = "<group>";
		};
		CF0316661DCE554000A66108 /* jarvisUITests */ = {
			isa = PBXGroup;
			children = (
				CF0316671DCE554000A66108 /* jarvisUITests.swift */,
				CF0316691DCE554000A66108 /* Info.plist */,
			);
			path = jarvisUITests;
			sourceTree = "<group>";
		};
		CF0316751DCE577000A66108 /* Frameworks */ = {
			isa = PBXGroup;
			children = (
				CFE819FC1E227E1D000C71F7 /* FacebookCore.framework */,
				CFE819FD1E227E1D000C71F7 /* FacebookLogin.framework */,
				CFE819FE1E227E1D000C71F7 /* FBSDKCoreKit.framework */,
				CFE819FF1E227E1D000C71F7 /* FBSDKLoginKit.framework */,
				CF0316891DCE609500A66108 /* Alamofire.framework.dSYM */,
				CF03168A1DCE609500A66108 /* OAuthSwift.framework.dSYM */,
				CF0316761DCE577500A66108 /* Alamofire.framework */,
				CF0316771DCE577500A66108 /* OAuthSwift.framework */,
			);
			name = Frameworks;
			sourceTree = "<group>";
		};
		CF645B981DD9216300338A54 /* Models */ = {
			isa = PBXGroup;
			children = (
				CFDA166C1DE9D41E00F0B733 /* User.swift */,
				CF7887A41E07072C00A451E2 /* Integration.swift */,
			);
			path = Models;
			sourceTree = "<group>";
		};
		CF645B991DD9216300338A54 /* Scenes */ = {
			isa = PBXGroup;
			children = (
				CFB574051DFDB6DE00059F80 /* Settings */,
				CF645B9C1DE118F900338A54 /* Health */,
				CF645B9D1DE118F900338A54 /* Home */,
				CF645B9E1DE118F900338A54 /* Login */,
				CF645B9F1DE118F900338A54 /* Social */,
			);
			path = Scenes;
			sourceTree = "<group>";
		};
		CF645B9C1DE118F900338A54 /* Health */ = {
			isa = PBXGroup;
			children = (
				CFEA3ADB1DEB98BA0040C497 /* SleepViewController.swift */,
				CFEA3ADE1DEB99830040C497 /* FoodViewController.swift */,
				CFEA3AE11DEB99900040C497 /* WalkingViewController.swift */,
			);
			path = Health;
			sourceTree = "<group>";
		};
		CF645B9D1DE118F900338A54 /* Home */ = {
			isa = PBXGroup;
			children = (
				CFEA3AD21DE9E3370040C497 /* HomeViewController.swift */,
			);
			path = Home;
			sourceTree = "<group>";
		};
		CF645B9E1DE118F900338A54 /* Login */ = {
			isa = PBXGroup;
			children = (
				CF03167A1DCE583800A66108 /* LoginViewController.swift */,
			);
			path = Login;
			sourceTree = "<group>";
		};
		CF645B9F1DE118F900338A54 /* Social */ = {
			isa = PBXGroup;
			children = (
			);
			path = Social;
			sourceTree = "<group>";
		};
		CF645BA01DE11BD200338A54 /* Gateways */ = {
			isa = PBXGroup;
			children = (
				CF645BA71DE1FCA700338A54 /* UserGateway.swift */,
				CF7887A21E0705E400A451E2 /* IntegrationsGateway.swift */,
				CFEA3AD51DEA637C0040C497 /* UserInternalGateway.swift */,
			);
			path = Gateways;
			sourceTree = "<group>";
		};
		CF645BA11DE11BD200338A54 /* Interactors */ = {
			isa = PBXGroup;
			children = (
				CF7887A61E070E3A00A451E2 /* Integrations */,
				CF645BA31DE1EC5600338A54 /* User */,
			);
			path = Interactors;
			sourceTree = "<group>";
		};
		CF645BA21DE11BD200338A54 /* Presenters */ = {
			isa = PBXGroup;
			children = (
			);
			path = Presenters;
			sourceTree = "<group>";
		};
		CF645BA31DE1EC5600338A54 /* User */ = {
			isa = PBXGroup;
			children = (
				CF645BA41DE1EC6C00338A54 /* CreateUserInteractor.swift */,
				CFDA16751DE9DBDE00F0B733 /* SaveUserInteractor.swift */,
				CFEA3AD81DEB799F0040C497 /* FindUserInteractor.swift */,
			);
			path = User;
			sourceTree = "<group>";
		};
		CF7887A61E070E3A00A451E2 /* Integrations */ = {
			isa = PBXGroup;
			children = (
				CFE819ED1E212B8E000C71F7 /* Health */,
				CFE819EF1E212B8E000C71F7 /* Lifestyle */,
				CFE819F01E212B8E000C71F7 /* Social */,
				CF7887A71E070E7500A451E2 /* GetIntegrationsInteractor.swift */,
				CF81DFCC1E181EF300F87A59 /* ActivateIntegrationInteractorBase.swift */,
			);
			path = Integrations;
			sourceTree = "<group>";
		};
		CFB574051DFDB6DE00059F80 /* Settings */ = {
			isa = PBXGroup;
			children = (
				CF7A90241DFF796200B9FAB1 /* SettingsViewController.swift */,
				CF7A90261DFF79A500B9FAB1 /* IntegrationCell.swift */,
			);
			path = Settings;
			sourceTree = "<group>";
		};
		CFE819ED1E212B8E000C71F7 /* Health */ = {
			isa = PBXGroup;
			children = (
				CFE819EE1E212B8E000C71F7 /* ActivateFitbitInteractor.swift */,
			);
			path = Health;
			sourceTree = "<group>";
		};
		CFE819EF1E212B8E000C71F7 /* Lifestyle */ = {
			isa = PBXGroup;
			children = (
				CFE819F21E212B8E000C71F7 /* ActivateSpotifyInteractor.swift */,
			);
			path = Lifestyle;
			sourceTree = "<group>";
		};
		CFE819F01E212B8E000C71F7 /* Social */ = {
			isa = PBXGroup;
			children = (
				CFE819F11E212B8E000C71F7 /* ActivateInstagramInteractor.swift */,
				CFE819F91E212BD2000C71F7 /* ActivateFacebookInteractor.swift */,
			);
			path = Social;
			sourceTree = "<group>";
		};
/* End PBXGroup section */

/* Begin PBXNativeTarget section */
		CF0316431DCE553F00A66108 /* jarvis */ = {
			isa = PBXNativeTarget;
			buildConfigurationList = CF03166C1DCE554000A66108 /* Build configuration list for PBXNativeTarget "jarvis" */;
			buildPhases = (
				CF0316401DCE553F00A66108 /* Sources */,
				CF0316411DCE553F00A66108 /* Frameworks */,
				CF0316421DCE553F00A66108 /* Resources */,
				CF0316971DCE61C200A66108 /* Embed Frameworks */,
			);
			buildRules = (
			);
			dependencies = (
			);
			name = jarvis;
			productName = jarvis;
			productReference = CF0316441DCE553F00A66108 /* jarvis.app */;
			productType = "com.apple.product-type.application";
		};
		CF0316571DCE554000A66108 /* jarvisTests */ = {
			isa = PBXNativeTarget;
			buildConfigurationList = CF03166F1DCE554000A66108 /* Build configuration list for PBXNativeTarget "jarvisTests" */;
			buildPhases = (
				CF0316541DCE554000A66108 /* Sources */,
				CF0316551DCE554000A66108 /* Frameworks */,
				CF0316561DCE554000A66108 /* Resources */,
			);
			buildRules = (
			);
			dependencies = (
				CF03165A1DCE554000A66108 /* PBXTargetDependency */,
			);
			name = jarvisTests;
			productName = jarvisTests;
			productReference = CF0316581DCE554000A66108 /* jarvisTests.xctest */;
			productType = "com.apple.product-type.bundle.unit-test";
		};
		CF0316621DCE554000A66108 /* jarvisUITests */ = {
			isa = PBXNativeTarget;
			buildConfigurationList = CF0316721DCE554000A66108 /* Build configuration list for PBXNativeTarget "jarvisUITests" */;
			buildPhases = (
				CF03165F1DCE554000A66108 /* Sources */,
				CF0316601DCE554000A66108 /* Frameworks */,
				CF0316611DCE554000A66108 /* Resources */,
			);
			buildRules = (
			);
			dependencies = (
				CF0316651DCE554000A66108 /* PBXTargetDependency */,
			);
			name = jarvisUITests;
			productName = jarvisUITests;
			productReference = CF0316631DCE554000A66108 /* jarvisUITests.xctest */;
			productType = "com.apple.product-type.bundle.ui-testing";
		};
/* End PBXNativeTarget section */

/* Begin PBXProject section */
		CF03163C1DCE553F00A66108 /* Project object */ = {
			isa = PBXProject;
			attributes = {
				LastSwiftUpdateCheck = 0810;
				LastUpgradeCheck = 0810;
				ORGANIZATIONNAME = xyz.joaovasques;
				TargetAttributes = {
					CF0316431DCE553F00A66108 = {
						CreatedOnToolsVersion = 8.1;
						DevelopmentTeam = Y6WXR76VQR;
						ProvisioningStyle = Automatic;
					};
					CF0316571DCE554000A66108 = {
						CreatedOnToolsVersion = 8.1;
						DevelopmentTeam = Y6WXR76VQR;
						ProvisioningStyle = Automatic;
						TestTargetID = CF0316431DCE553F00A66108;
					};
					CF0316621DCE554000A66108 = {
						CreatedOnToolsVersion = 8.1;
						DevelopmentTeam = Y6WXR76VQR;
						ProvisioningStyle = Automatic;
						TestTargetID = CF0316431DCE553F00A66108;
					};
				};
			};
			buildConfigurationList = CF03163F1DCE553F00A66108 /* Build configuration list for PBXProject "jarvis" */;
			compatibilityVersion = "Xcode 3.2";
			developmentRegion = English;
			hasScannedForEncodings = 0;
			knownRegions = (
				en,
				Base,
			);
			mainGroup = CF03163B1DCE553F00A66108;
			productRefGroup = CF0316451DCE553F00A66108 /* Products */;
			projectDirPath = "";
			projectRoot = "";
			targets = (
				CF0316431DCE553F00A66108 /* jarvis */,
				CF0316571DCE554000A66108 /* jarvisTests */,
				CF0316621DCE554000A66108 /* jarvisUITests */,
			);
		};
/* End PBXProject section */

/* Begin PBXResourcesBuildPhase section */
		CF0316421DCE553F00A66108 /* Resources */ = {
			isa = PBXResourcesBuildPhase;
			buildActionMask = 2147483647;
			files = (
				CF0316521DCE554000A66108 /* LaunchScreen.storyboard in Resources */,
				CF03164F1DCE554000A66108 /* Assets.xcassets in Resources */,
				CF03164D1DCE554000A66108 /* Main.storyboard in Resources */,
			);
			runOnlyForDeploymentPostprocessing = 0;
		};
		CF0316561DCE554000A66108 /* Resources */ = {
			isa = PBXResourcesBuildPhase;
			buildActionMask = 2147483647;
			files = (
			);
			runOnlyForDeploymentPostprocessing = 0;
		};
		CF0316611DCE554000A66108 /* Resources */ = {
			isa = PBXResourcesBuildPhase;
			buildActionMask = 2147483647;
			files = (
			);
			runOnlyForDeploymentPostprocessing = 0;
		};
/* End PBXResourcesBuildPhase section */

/* Begin PBXSourcesBuildPhase section */
		CF0316401DCE553F00A66108 /* Sources */ = {
			isa = PBXSourcesBuildPhase;
			buildActionMask = 2147483647;
			files = (
				CF03167B1DCE583800A66108 /* LoginViewController.swift in Sources */,
				CFEA3AD61DEA637C0040C497 /* UserInternalGateway.swift in Sources */,
				CFEA3ADC1DEB98BA0040C497 /* SleepViewController.swift in Sources */,
				CFE819F31E212B8E000C71F7 /* ActivateFitbitInteractor.swift in Sources */,
				CFE819F51E212B8E000C71F7 /* ActivateInstagramInteractor.swift in Sources */,
				CF7887A51E07072C00A451E2 /* Integration.swift in Sources */,
				CFE819F71E212B8E000C71F7 /* ActivateSpotifyInteractor.swift in Sources */,
				CF03164A1DCE554000A66108 /* ViewController.swift in Sources */,
				CFEA3AE21DEB99900040C497 /* WalkingViewController.swift in Sources */,
				CFDA166D1DE9D41E00F0B733 /* User.swift in Sources */,
				CFEA3AD31DE9E3370040C497 /* HomeViewController.swift in Sources */,
				CF645BA81DE1FCA700338A54 /* UserGateway.swift in Sources */,
				CF0316481DCE554000A66108 /* AppDelegate.swift in Sources */,
				CF7A90251DFF796200B9FAB1 /* SettingsViewController.swift in Sources */,
				CF645BA51DE1EC6C00338A54 /* CreateUserInteractor.swift in Sources */,
				CFE819FA1E212BD2000C71F7 /* ActivateFacebookInteractor.swift in Sources */,
				CF7887A81E070E7500A451E2 /* GetIntegrationsInteractor.swift in Sources */,
				CF81DFCD1E181EF300F87A59 /* ActivateIntegrationInteractorBase.swift in Sources */,
				CFEA3AD91DEB799F0040C497 /* FindUserInteractor.swift in Sources */,
				CFEA3ADF1DEB99830040C497 /* FoodViewController.swift in Sources */,
				CF7887A31E0705E400A451E2 /* IntegrationsGateway.swift in Sources */,
				CFDA16761DE9DBDE00F0B733 /* SaveUserInteractor.swift in Sources */,
				CF7A90271DFF79A500B9FAB1 /* IntegrationCell.swift in Sources */,
			);
			runOnlyForDeploymentPostprocessing = 0;
		};
		CF0316541DCE554000A66108 /* Sources */ = {
			isa = PBXSourcesBuildPhase;
			buildActionMask = 2147483647;
			files = (
				CF7887A91E070E7500A451E2 /* GetIntegrationsInteractor.swift in Sources */,
				CFDA166E1DE9D41E00F0B733 /* User.swift in Sources */,
				CFEA3AD71DEA637C0040C497 /* UserInternalGateway.swift in Sources */,
				CF03165D1DCE554000A66108 /* jarvisTests.swift in Sources */,
				CFE819F81E212B8E000C71F7 /* ActivateSpotifyInteractor.swift in Sources */,
				CFE819FB1E212BD2000C71F7 /* ActivateFacebookInteractor.swift in Sources */,
				CFE819F61E212B8E000C71F7 /* ActivateInstagramInteractor.swift in Sources */,
				CF645BA61DE1EC6C00338A54 /* CreateUserInteractor.swift in Sources */,
				CF645BA91DE1FCA700338A54 /* UserGateway.swift in Sources */,
				CFEA3AE31DEB99900040C497 /* WalkingViewController.swift in Sources */,
				CFDA16771DE9DBDE00F0B733 /* SaveUserInteractor.swift in Sources */,
				CFEA3AE01DEB99830040C497 /* FoodViewController.swift in Sources */,
				CF81DFCE1E181EF300F87A59 /* ActivateIntegrationInteractorBase.swift in Sources */,
				CFEA3ADD1DEB98BA0040C497 /* SleepViewController.swift in Sources */,
				CFE819F41E212B8E000C71F7 /* ActivateFitbitInteractor.swift in Sources */,
				CFEA3ADA1DEB799F0040C497 /* FindUserInteractor.swift in Sources */,
				CFEA3AD41DE9E3370040C497 /* HomeViewController.swift in Sources */,
			);
			runOnlyForDeploymentPostprocessing = 0;
		};
		CF03165F1DCE554000A66108 /* Sources */ = {
			isa = PBXSourcesBuildPhase;
			buildActionMask = 2147483647;
			files = (
				CF0316681DCE554000A66108 /* jarvisUITests.swift in Sources */,
			);
			runOnlyForDeploymentPostprocessing = 0;
		};
/* End PBXSourcesBuildPhase section */

/* Begin PBXTargetDependency section */
		CF03165A1DCE554000A66108 /* PBXTargetDependency */ = {
			isa = PBXTargetDependency;
			target = CF0316431DCE553F00A66108 /* jarvis */;
			targetProxy = CF0316591DCE554000A66108 /* PBXContainerItemProxy */;
		};
		CF0316651DCE554000A66108 /* PBXTargetDependency */ = {
			isa = PBXTargetDependency;
			target = CF0316431DCE553F00A66108 /* jarvis */;
			targetProxy = CF0316641DCE554000A66108 /* PBXContainerItemProxy */;
		};
/* End PBXTargetDependency section */

/* Begin PBXVariantGroup section */
		CF03164B1DCE554000A66108 /* Main.storyboard */ = {
			isa = PBXVariantGroup;
			children = (
				CF03164C1DCE554000A66108 /* Base */,
			);
			name = Main.storyboard;
			sourceTree = "<group>";
		};
		CF0316501DCE554000A66108 /* LaunchScreen.storyboard */ = {
			isa = PBXVariantGroup;
			children = (
				CF0316511DCE554000A66108 /* Base */,
			);
			name = LaunchScreen.storyboard;
			sourceTree = "<group>";
		};
/* End PBXVariantGroup section */

/* Begin XCBuildConfiguration section */
		CF03166A1DCE554000A66108 /* Debug */ = {
			isa = XCBuildConfiguration;
			buildSettings = {
				ALWAYS_SEARCH_USER_PATHS = NO;
				CLANG_ANALYZER_NONNULL = YES;
				CLANG_CXX_LANGUAGE_STANDARD = "gnu++0x";
				CLANG_CXX_LIBRARY = "libc++";
				CLANG_ENABLE_MODULES = YES;
				CLANG_ENABLE_OBJC_ARC = YES;
				CLANG_WARN_BOOL_CONVERSION = YES;
				CLANG_WARN_CONSTANT_CONVERSION = YES;
				CLANG_WARN_DIRECT_OBJC_ISA_USAGE = YES_ERROR;
				CLANG_WARN_DOCUMENTATION_COMMENTS = YES;
				CLANG_WARN_EMPTY_BODY = YES;
				CLANG_WARN_ENUM_CONVERSION = YES;
				CLANG_WARN_INFINITE_RECURSION = YES;
				CLANG_WARN_INT_CONVERSION = YES;
				CLANG_WARN_OBJC_ROOT_CLASS = YES_ERROR;
				CLANG_WARN_SUSPICIOUS_MOVE = YES;
				CLANG_WARN_SUSPICIOUS_MOVES = YES;
				CLANG_WARN_UNREACHABLE_CODE = YES;
				CLANG_WARN__DUPLICATE_METHOD_MATCH = YES;
				"CODE_SIGN_IDENTITY[sdk=iphoneos*]" = "iPhone Developer";
				COPY_PHASE_STRIP = NO;
				DEBUG_INFORMATION_FORMAT = dwarf;
				ENABLE_STRICT_OBJC_MSGSEND = YES;
				ENABLE_TESTABILITY = YES;
				GCC_C_LANGUAGE_STANDARD = gnu99;
				GCC_DYNAMIC_NO_PIC = NO;
				GCC_NO_COMMON_BLOCKS = YES;
				GCC_OPTIMIZATION_LEVEL = 0;
				GCC_PREPROCESSOR_DEFINITIONS = (
					"DEBUG=1",
					"$(inherited)",
				);
				GCC_WARN_64_TO_32_BIT_CONVERSION = YES;
				GCC_WARN_ABOUT_RETURN_TYPE = YES_ERROR;
				GCC_WARN_UNDECLARED_SELECTOR = YES;
				GCC_WARN_UNINITIALIZED_AUTOS = YES_AGGRESSIVE;
				GCC_WARN_UNUSED_FUNCTION = YES;
				GCC_WARN_UNUSED_VARIABLE = YES;
				IPHONEOS_DEPLOYMENT_TARGET = 10.1;
				MTL_ENABLE_DEBUG_INFO = YES;
				ONLY_ACTIVE_ARCH = YES;
				SDKROOT = iphoneos;
				SWIFT_ACTIVE_COMPILATION_CONDITIONS = DEBUG;
				SWIFT_OPTIMIZATION_LEVEL = "-Onone";
				SWIFT_VERSION = 3.0.1;
			};
			name = Debug;
		};
		CF03166B1DCE554000A66108 /* Release */ = {
			isa = XCBuildConfiguration;
			buildSettings = {
				ALWAYS_SEARCH_USER_PATHS = NO;
				CLANG_ANALYZER_NONNULL = YES;
				CLANG_CXX_LANGUAGE_STANDARD = "gnu++0x";
				CLANG_CXX_LIBRARY = "libc++";
				CLANG_ENABLE_MODULES = YES;
				CLANG_ENABLE_OBJC_ARC = YES;
				CLANG_WARN_BOOL_CONVERSION = YES;
				CLANG_WARN_CONSTANT_CONVERSION = YES;
				CLANG_WARN_DIRECT_OBJC_ISA_USAGE = YES_ERROR;
				CLANG_WARN_DOCUMENTATION_COMMENTS = YES;
				CLANG_WARN_EMPTY_BODY = YES;
				CLANG_WARN_ENUM_CONVERSION = YES;
				CLANG_WARN_INFINITE_RECURSION = YES;
				CLANG_WARN_INT_CONVERSION = YES;
				CLANG_WARN_OBJC_ROOT_CLASS = YES_ERROR;
				CLANG_WARN_SUSPICIOUS_MOVE = YES;
				CLANG_WARN_SUSPICIOUS_MOVES = YES;
				CLANG_WARN_UNREACHABLE_CODE = YES;
				CLANG_WARN__DUPLICATE_METHOD_MATCH = YES;
				"CODE_SIGN_IDENTITY[sdk=iphoneos*]" = "iPhone Developer";
				COPY_PHASE_STRIP = NO;
				DEBUG_INFORMATION_FORMAT = "dwarf-with-dsym";
				ENABLE_NS_ASSERTIONS = NO;
				ENABLE_STRICT_OBJC_MSGSEND = YES;
				GCC_C_LANGUAGE_STANDARD = gnu99;
				GCC_NO_COMMON_BLOCKS = YES;
				GCC_WARN_64_TO_32_BIT_CONVERSION = YES;
				GCC_WARN_ABOUT_RETURN_TYPE = YES_ERROR;
				GCC_WARN_UNDECLARED_SELECTOR = YES;
				GCC_WARN_UNINITIALIZED_AUTOS = YES_AGGRESSIVE;
				GCC_WARN_UNUSED_FUNCTION = YES;
				GCC_WARN_UNUSED_VARIABLE = YES;
				IPHONEOS_DEPLOYMENT_TARGET = 10.1;
				MTL_ENABLE_DEBUG_INFO = NO;
				SDKROOT = iphoneos;
				SWIFT_OPTIMIZATION_LEVEL = "-Owholemodule";
				SWIFT_VERSION = 3.0.1;
				VALIDATE_PRODUCT = YES;
			};
			name = Release;
		};
		CF03166D1DCE554000A66108 /* Debug */ = {
			isa = XCBuildConfiguration;
			buildSettings = {
				ASSETCATALOG_COMPILER_APPICON_NAME = AppIcon;
				DEVELOPMENT_TEAM = Y6WXR76VQR;
				FRAMEWORK_SEARCH_PATHS = (
					"$(inherited)",
					"$(PROJECT_DIR)/Carthage/Build/iOS",
				);
				INFOPLIST_FILE = jarvis/Info.plist;
				LD_RUNPATH_SEARCH_PATHS = "$(inherited) @executable_path/Frameworks";
				PRODUCT_BUNDLE_IDENTIFIER = xyz.joaovasques.jarvis;
				PRODUCT_NAME = "$(TARGET_NAME)";
				SWIFT_VERSION = 3.0.1;
			};
			name = Debug;
		};
		CF03166E1DCE554000A66108 /* Release */ = {
			isa = XCBuildConfiguration;
			buildSettings = {
				ASSETCATALOG_COMPILER_APPICON_NAME = AppIcon;
				DEVELOPMENT_TEAM = Y6WXR76VQR;
				FRAMEWORK_SEARCH_PATHS = (
					"$(inherited)",
					"$(PROJECT_DIR)/Carthage/Build/iOS",
				);
				INFOPLIST_FILE = jarvis/Info.plist;
				LD_RUNPATH_SEARCH_PATHS = "$(inherited) @executable_path/Frameworks";
				PRODUCT_BUNDLE_IDENTIFIER = xyz.joaovasques.jarvis;
				PRODUCT_NAME = "$(TARGET_NAME)";
				SWIFT_VERSION = 3.0.1;
			};
			name = Release;
		};
		CF0316701DCE554000A66108 /* Debug */ = {
			isa = XCBuildConfiguration;
			buildSettings = {
				ALWAYS_EMBED_SWIFT_STANDARD_LIBRARIES = YES;
				BUNDLE_LOADER = "$(TEST_HOST)";
				DEVELOPMENT_TEAM = Y6WXR76VQR;
				INFOPLIST_FILE = jarvisTests/Info.plist;
				LD_RUNPATH_SEARCH_PATHS = "$(inherited) @executable_path/Frameworks @loader_path/Frameworks";
				PRODUCT_BUNDLE_IDENTIFIER = xyz.joaovasques.jarvisTests;
				PRODUCT_NAME = "$(TARGET_NAME)";
				SWIFT_VERSION = 3.0;
				TEST_HOST = "$(BUILT_PRODUCTS_DIR)/jarvis.app/jarvis";
			};
			name = Debug;
		};
		CF0316711DCE554000A66108 /* Release */ = {
			isa = XCBuildConfiguration;
			buildSettings = {
				ALWAYS_EMBED_SWIFT_STANDARD_LIBRARIES = YES;
				BUNDLE_LOADER = "$(TEST_HOST)";
				DEVELOPMENT_TEAM = Y6WXR76VQR;
				INFOPLIST_FILE = jarvisTests/Info.plist;
				LD_RUNPATH_SEARCH_PATHS = "$(inherited) @executable_path/Frameworks @loader_path/Frameworks";
				PRODUCT_BUNDLE_IDENTIFIER = xyz.joaovasques.jarvisTests;
				PRODUCT_NAME = "$(TARGET_NAME)";
				SWIFT_VERSION = 3.0;
				TEST_HOST = "$(BUILT_PRODUCTS_DIR)/jarvis.app/jarvis";
			};
			name = Release;
		};
		CF0316731DCE554000A66108 /* Debug */ = {
			isa = XCBuildConfiguration;
			buildSettings = {
				ALWAYS_EMBED_SWIFT_STANDARD_LIBRARIES = YES;
				DEVELOPMENT_TEAM = Y6WXR76VQR;
				INFOPLIST_FILE = jarvisUITests/Info.plist;
				LD_RUNPATH_SEARCH_PATHS = "$(inherited) @executable_path/Frameworks @loader_path/Frameworks";
				PRODUCT_BUNDLE_IDENTIFIER = xyz.joaovasques.jarvisUITests;
				PRODUCT_NAME = "$(TARGET_NAME)";
				SWIFT_VERSION = 3.0;
				TEST_TARGET_NAME = jarvis;
			};
			name = Debug;
		};
		CF0316741DCE554000A66108 /* Release */ = {
			isa = XCBuildConfiguration;
			buildSettings = {
				ALWAYS_EMBED_SWIFT_STANDARD_LIBRARIES = YES;
				DEVELOPMENT_TEAM = Y6WXR76VQR;
				INFOPLIST_FILE = jarvisUITests/Info.plist;
				LD_RUNPATH_SEARCH_PATHS = "$(inherited) @executable_path/Frameworks @loader_path/Frameworks";
				PRODUCT_BUNDLE_IDENTIFIER = xyz.joaovasques.jarvisUITests;
				PRODUCT_NAME = "$(TARGET_NAME)";
				SWIFT_VERSION = 3.0;
				TEST_TARGET_NAME = jarvis;
			};
			name = Release;
		};
/* End XCBuildConfiguration section */

/* Begin XCConfigurationList section */
		CF03163F1DCE553F00A66108 /* Build configuration list for PBXProject "jarvis" */ = {
			isa = XCConfigurationList;
			buildConfigurations = (
				CF03166A1DCE554000A66108 /* Debug */,
				CF03166B1DCE554000A66108 /* Release */,
			);
			defaultConfigurationIsVisible = 0;
			defaultConfigurationName = Release;
		};
		CF03166C1DCE554000A66108 /* Build configuration list for PBXNativeTarget "jarvis" */ = {
			isa = XCConfigurationList;
			buildConfigurations = (
				CF03166D1DCE554000A66108 /* Debug */,
				CF03166E1DCE554000A66108 /* Release */,
			);
			defaultConfigurationIsVisible = 0;
			defaultConfigurationName = Release;
		};
		CF03166F1DCE554000A66108 /* Build configuration list for PBXNativeTarget "jarvisTests" */ = {
			isa = XCConfigurationList;
			buildConfigurations = (
				CF0316701DCE554000A66108 /* Debug */,
				CF0316711DCE554000A66108 /* Release */,
			);
			defaultConfigurationIsVisible = 0;
			defaultConfigurationName = Release;
		};
		CF0316721DCE554000A66108 /* Build configuration list for PBXNativeTarget "jarvisUITests" */ = {
			isa = XCConfigurationList;
			buildConfigurations = (
				CF0316731DCE554000A66108 /* Debug */,
				CF0316741DCE554000A66108 /* Release */,
			);
			defaultConfigurationIsVisible = 0;
			defaultConfigurationName = Release;
		};
/* End XCConfigurationList section */
	};
	rootObject = CF03163C1DCE553F00A66108 /* Project object */;
}
